
Microsoft Visual Studio Solution File, Format Version 12.00
# Visual Studio Version 17
VisualStudioVersion = 17.5.002.0
MinimumVisualStudioVersion = 10.0.40219.1
Project("{9A19103F-16F7-4668-BE54-9A1E7A4F7556}") = "Seminar4", "Seminar4.csproj", "{A14BAB35-AFCF-4D04-BF86-B787D8305791}"
EndProject
Global
	GlobalSection(SolutionConfigurationPlatforms) = preSolution
		Debug|Any CPU = Debug|Any CPU
		Release|Any CPU = Release|Any CPU
	EndGlobalSection
	GlobalSection(ProjectConfigurationPlatforms) = postSolution
		{A14BAB35-AFCF-4D04-BF86-B787D8305791}.Debug|Any CPU.ActiveCfg = Debug|Any CPU
		{A14BAB35-AFCF-4D04-BF86-B787D8305791}.Debug|Any CPU.Build.0 = Debug|Any CPU
		{A14BAB35-AFCF-4D04-BF86-B787D8305791}.Release|Any CPU.ActiveCfg = Release|Any CPU
		{A14BAB35-AFCF-4D04-BF86-B787D8305791}.Release|Any CPU.Build.0 = Release|Any CPU
	EndGlobalSection
	GlobalSection(SolutionProperties) = preSolution
		HideSolutionNode = FALSE
	EndGlobalSection
	GlobalSection(ExtensibilityGlobals) = postSolution
		SolutionGuid = {D08E8055-197F-4277-BB40-3C0BF145F069}
	EndGlobalSection
EndGlobal
